
Microsoft Visual Studio Solution File, Format Version 12.00
# Visual Studio 15
VisualStudioVersion = 15.0.28010.2046
MinimumVisualStudioVersion = 10.0.40219.1
Project("{FAE04EC0-301F-11D3-BF4B-00C04F79EFBC}") = "NetLearnerWeb", "web\NetLearnerWeb.csproj", "{142B6CD8-E05F-45F2-8190-BE85E2C3E28B}"
EndProject
Global
	GlobalSection(SolutionConfigurationPlatforms) = preSolution
		Debug|Any CPU = Debug|Any CPU
		Release|Any CPU = Release|Any CPU
	EndGlobalSection
	GlobalSection(ProjectConfigurationPlatforms) = postSolution
		{142B6CD8-E05F-45F2-8190-BE85E2C3E28B}.Debug|Any CPU.ActiveCfg = Debug|Any CPU
		{142B6CD8-E05F-45F2-8190-BE85E2C3E28B}.Debug|Any CPU.Build.0 = Debug|Any CPU
		{142B6CD8-E05F-45F2-8190-BE85E2C3E28B}.Release|Any CPU.ActiveCfg = Release|Any CPU
		{142B6CD8-E05F-45F2-8190-BE85E2C3E28B}.Release|Any CPU.Build.0 = Release|Any CPU
	EndGlobalSection
	GlobalSection(SolutionProperties) = preSolution
		HideSolutionNode = FALSE
	EndGlobalSection
	GlobalSection(ExtensibilityGlobals) = postSolution
		SolutionGuid = {397E2522-7768-48E5-930F-6731502A505C}
	EndGlobalSection
EndGlobal
